
Microsoft Visual Studio Solution File, Format Version 12.00
# Visual Studio Version 16
VisualStudioVersion = 16.0.30804.86
MinimumVisualStudioVersion = 10.0.40219.1
Project("{FAE04EC0-301F-11D3-BF4B-00C04F79EFBC}") = "GiraffeSharp", "GiraffeSharp\GiraffeSharp.csproj", "{EB0CCFF6-0185-4F50-A82A-B678F72F638A}"
EndProject
Project("{FAE04EC0-301F-11D3-BF4B-00C04F79EFBC}") = "CodeAnalysis", "CodeAnalysis\CodeAnalysis.csproj", "{709DDB6D-8A5A-4069-A83D-73E81FC7D4C2}"
EndProject
Global
	GlobalSection(SolutionConfigurationPlatforms) = preSolution
		Debug|Any CPU = Debug|Any CPU
		Release|Any CPU = Release|Any CPU
	EndGlobalSection
	GlobalSection(ProjectConfigurationPlatforms) = postSolution
		{EB0CCFF6-0185-4F50-A82A-B678F72F638A}.Debug|Any CPU.ActiveCfg = Debug|Any CPU
		{EB0CCFF6-0185-4F50-A82A-B678F72F638A}.Debug|Any CPU.Build.0 = Debug|Any CPU
		{EB0CCFF6-0185-4F50-A82A-B678F72F638A}.Release|Any CPU.ActiveCfg = Release|Any CPU
		{EB0CCFF6-0185-4F50-A82A-B678F72F638A}.Release|Any CPU.Build.0 = Release|Any CPU
		{709DDB6D-8A5A-4069-A83D-73E81FC7D4C2}.Debug|Any CPU.ActiveCfg = Debug|Any CPU
		{709DDB6D-8A5A-4069-A83D-73E81FC7D4C2}.Debug|Any CPU.Build.0 = Debug|Any CPU
		{709DDB6D-8A5A-4069-A83D-73E81FC7D4C2}.Release|Any CPU.ActiveCfg = Release|Any CPU
		{709DDB6D-8A5A-4069-A83D-73E81FC7D4C2}.Release|Any CPU.Build.0 = Release|Any CPU
	EndGlobalSection
	GlobalSection(SolutionProperties) = preSolution
		HideSolutionNode = FALSE
	EndGlobalSection
	GlobalSection(ExtensibilityGlobals) = postSolution
		SolutionGuid = {DB720DE2-5ED5-4A38-B90C-DC8B91ED4217}
	EndGlobalSection
EndGlobal
